// !$*UTF8*$!
{
	archiveVersion = 1;
	classes = {
	};
	objectVersion = 51;
	objects = {

/* Begin PBXBuildFile section */
		61264172A3B1DE85118E2793 /* Pods_DarkEagleV2Tests.framework in Frameworks */ = {isa = PBXBuildFile; fileRef = D0CDEF6814E0C14F9F166C53 /* Pods_DarkEagleV2Tests.framework */; };
		79049B5F6B5D005FC2EF8F39 /* Pods_DarkEagleV2.framework in Frameworks */ = {isa = PBXBuildFile; fileRef = 1E00F3C09ADEF1E4C3C5A57B /* Pods_DarkEagleV2.framework */; };
		BE012EB7244AF83300F2588B /* list-tablet.json in Resources */ = {isa = PBXBuildFile; fileRef = BE012EB6244AF83300F2588B /* list-tablet.json */; };
		BE012EBB244AF90B00F2588B /* List.swift in Sources */ = {isa = PBXBuildFile; fileRef = BE012EBA244AF90B00F2588B /* List.swift */; };
		BE012EBD244AF94200F2588B /* ListViewModel.swift in Sources */ = {isa = PBXBuildFile; fileRef = BE012EBC244AF94200F2588B /* ListViewModel.swift */; };
		BE012EC2244B092100F2588B /* PostListCoordinator.swift in Sources */ = {isa = PBXBuildFile; fileRef = BE012EC1244B092100F2588B /* PostListCoordinator.swift */; };
		BE012EC5244B094100F2588B /* Weak.swift in Sources */ = {isa = PBXBuildFile; fileRef = BE012EC4244B094100F2588B /* Weak.swift */; };
		BE15E18E245D875D0095FFEF /* ramsgate-fire.json in Resources */ = {isa = PBXBuildFile; fileRef = BE15E18D245D875D0095FFEF /* ramsgate-fire.json */; };
		BE15E190245D89650095FFEF /* home.json in Resources */ = {isa = PBXBuildFile; fileRef = BE15E18F245D89650095FFEF /* home.json */; };
		BE15E192245D8A9A0095FFEF /* folkestone-hythe-vandalism.json in Resources */ = {isa = PBXBuildFile; fileRef = BE15E191245D8A9A0095FFEF /* folkestone-hythe-vandalism.json */; };
		BE15E194245D8CA00095FFEF /* immunisation-concerns.json in Resources */ = {isa = PBXBuildFile; fileRef = BE15E193245D8CA00095FFEF /* immunisation-concerns.json */; };
		BE15E196245D8EC30095FFEF /* greggs-to-reopen.json in Resources */ = {isa = PBXBuildFile; fileRef = BE15E195245D8EC30095FFEF /* greggs-to-reopen.json */; };
		BE15E198245D90A90095FFEF /* seasonal-dog-ban.json in Resources */ = {isa = PBXBuildFile; fileRef = BE15E197245D90A90095FFEF /* seasonal-dog-ban.json */; };
		BE37329A24545FF8008CAB06 /* ViewCoordinator.swift in Sources */ = {isa = PBXBuildFile; fileRef = BE37329924545FF8008CAB06 /* ViewCoordinator.swift */; };
		BE37329D24547127008CAB06 /* Login.storyboard in Resources */ = {isa = PBXBuildFile; fileRef = BE37329C24547127008CAB06 /* Login.storyboard */; };
		BE3732A02454727A008CAB06 /* LoginViewController.swift in Sources */ = {isa = PBXBuildFile; fileRef = BE37329F2454727A008CAB06 /* LoginViewController.swift */; };
		BE3732A3245485A7008CAB06 /* LoadingView.xib in Resources */ = {isa = PBXBuildFile; fileRef = BE3732A2245485A7008CAB06 /* LoadingView.xib */; };
		BE3732A5245486FA008CAB06 /* LoadingView.swift in Sources */ = {isa = PBXBuildFile; fileRef = BE3732A4245486FA008CAB06 /* LoadingView.swift */; };
		BE69D0812455DFE80027836B /* LoginCoordinator.swift in Sources */ = {isa = PBXBuildFile; fileRef = BE69D0802455DFE80027836B /* LoginCoordinator.swift */; };
		BE79ED0C2441FF19009249FE /* SceneDelegate.swift in Sources */ = {isa = PBXBuildFile; fileRef = BE79ED0B2441FF19009249FE /* SceneDelegate.swift */; };
		BE79ED402441FFA6009249FE /* DETextView.swift in Sources */ = {isa = PBXBuildFile; fileRef = BE79ED3F2441FFA6009249FE /* DETextView.swift */; };
		BE79ED432442003B009249FE /* DynamicCellSizeProvider.swift in Sources */ = {isa = PBXBuildFile; fileRef = BE79ED422442003B009249FE /* DynamicCellSizeProvider.swift */; };
		BE79ED4824420080009249FE /* NibLoadable.swift in Sources */ = {isa = PBXBuildFile; fileRef = BE79ED4724420080009249FE /* NibLoadable.swift */; };
		BE79ED4B24420432009249FE /* Array+FirstOfType.swift in Sources */ = {isa = PBXBuildFile; fileRef = BE79ED4A24420432009249FE /* Array+FirstOfType.swift */; };
		BE79ED4D244204C5009249FE /* DynamicConfigureActionProvider.swift in Sources */ = {isa = PBXBuildFile; fileRef = BE79ED4C244204C5009249FE /* DynamicConfigureActionProvider.swift */; };
		BE79ED4F2442055E009249FE /* AnyBlock.swift in Sources */ = {isa = PBXBuildFile; fileRef = BE79ED4E2442055E009249FE /* AnyBlock.swift */; };
		BE79ED5124420CFC009249FE /* TextBlock.swift in Sources */ = {isa = PBXBuildFile; fileRef = BE79ED5024420CFC009249FE /* TextBlock.swift */; };
		BE79ED5324420D0D009249FE /* ImageBlock.swift in Sources */ = {isa = PBXBuildFile; fileRef = BE79ED5224420D0D009249FE /* ImageBlock.swift */; };
		BE79ED5624420D28009249FE /* Block.swift in Sources */ = {isa = PBXBuildFile; fileRef = BE79ED5524420D28009249FE /* Block.swift */; };
		BE79ED5924420D3B009249FE /* BlockType.swift in Sources */ = {isa = PBXBuildFile; fileRef = BE79ED5824420D3B009249FE /* BlockType.swift */; };
		BE79ED5B24420D57009249FE /* TextStyle.swift in Sources */ = {isa = PBXBuildFile; fileRef = BE79ED5A24420D57009249FE /* TextStyle.swift */; };
		BE79ED6124420DC0009249FE /* posts.json in Resources */ = {isa = PBXBuildFile; fileRef = BE79ED6024420DC0009249FE /* posts.json */; };
		BE79ED6324420DD4009249FE /* Post.swift in Sources */ = {isa = PBXBuildFile; fileRef = BE79ED6224420DD4009249FE /* Post.swift */; };
		BE79ED662442288B009249FE /* PostDownloader.swift in Sources */ = {isa = PBXBuildFile; fileRef = BE79ED652442288B009249FE /* PostDownloader.swift */; };
		BE79ED6924423266009249FE /* NativePostViewModel.swift in Sources */ = {isa = PBXBuildFile; fileRef = BE79ED6824423266009249FE /* NativePostViewModel.swift */; };
		BE79ED6F24430C2D009249FE /* ImageBlockCell.swift in Sources */ = {isa = PBXBuildFile; fileRef = BE79ED6D24430C2D009249FE /* ImageBlockCell.swift */; };
		BE79ED7024430C2D009249FE /* ImageBlockCell.xib in Resources */ = {isa = PBXBuildFile; fileRef = BE79ED6E24430C2D009249FE /* ImageBlockCell.xib */; };
		BE79ED7324430C67009249FE /* BlockListCellProvider.swift in Sources */ = {isa = PBXBuildFile; fileRef = BE79ED7224430C67009249FE /* BlockListCellProvider.swift */; };
		BE79ED762443215B009249FE /* NSMutableAttributedString+WithStyles.swift in Sources */ = {isa = PBXBuildFile; fileRef = BE79ED752443215B009249FE /* NSMutableAttributedString+WithStyles.swift */; };
		BE79ED78244329B6009249FE /* Action.swift in Sources */ = {isa = PBXBuildFile; fileRef = BE79ED77244329B6009249FE /* Action.swift */; };
		BE8C327B244B7D430003CC01 /* Size.swift in Sources */ = {isa = PBXBuildFile; fileRef = BE8C327A244B7D430003CC01 /* Size.swift */; };
		BE8DE81024437D0200C3CF39 /* UIColor+Hex.swift in Sources */ = {isa = PBXBuildFile; fileRef = BE8DE80F24437D0200C3CF39 /* UIColor+Hex.swift */; };
		BE8DE81224437D2300C3CF39 /* UIView+AutoLayoutHelpers.swift in Sources */ = {isa = PBXBuildFile; fileRef = BE8DE81124437D2300C3CF39 /* UIView+AutoLayoutHelpers.swift */; };
		BE8DE8142443906D00C3CF39 /* UITextInputTokenizer+TappedRanges.swift in Sources */ = {isa = PBXBuildFile; fileRef = BE8DE8132443906D00C3CF39 /* UITextInputTokenizer+TappedRanges.swift */; };
		BE8DE8182443ADA200C3CF39 /* SelectionOptionsView.swift in Sources */ = {isa = PBXBuildFile; fileRef = BE8DE8172443ADA200C3CF39 /* SelectionOptionsView.swift */; };
		BE8DE81A2443B63300C3CF39 /* insta-post.json in Resources */ = {isa = PBXBuildFile; fileRef = BE8DE8192443B63300C3CF39 /* insta-post.json */; };
		BE8DE81E2444DE6400C3CF39 /* Block.storyboard in Resources */ = {isa = PBXBuildFile; fileRef = BE8DE81D2444DE6400C3CF39 /* Block.storyboard */; };
		BE8DE8232444DF1800C3CF39 /* StoryboardCreatable.swift in Sources */ = {isa = PBXBuildFile; fileRef = BE8DE8222444DF1800C3CF39 /* StoryboardCreatable.swift */; };
		BE8DE82D2445E4BF00C3CF39 /* BlockSection.swift in Sources */ = {isa = PBXBuildFile; fileRef = BE8DE82C2445E4BF00C3CF39 /* BlockSection.swift */; };
		BE8DE8332445F0B300C3CF39 /* BlockListViewModel.swift in Sources */ = {isa = PBXBuildFile; fileRef = BE8DE8322445F0B300C3CF39 /* BlockListViewModel.swift */; };
		BE8DE8362445F90400C3CF39 /* CardBlock.swift in Sources */ = {isa = PBXBuildFile; fileRef = BE8DE8352445F90400C3CF39 /* CardBlock.swift */; };
		BE8DE8392445FF7900C3CF39 /* CardBlockCell.swift in Sources */ = {isa = PBXBuildFile; fileRef = BE8DE8382445FF7900C3CF39 /* CardBlockCell.swift */; };
		BE8DE83B2445FF9B00C3CF39 /* LargeCardBlockCell.xib in Resources */ = {isa = PBXBuildFile; fileRef = BE8DE83A2445FF9B00C3CF39 /* LargeCardBlockCell.xib */; };
		BE8DE83D2445FFC900C3CF39 /* RowCardBlockCell.xib in Resources */ = {isa = PBXBuildFile; fileRef = BE8DE83C2445FFC900C3CF39 /* RowCardBlockCell.xib */; };
		BE8DE8402446014700C3CF39 /* ImageDownloader.swift in Sources */ = {isa = PBXBuildFile; fileRef = BE8DE83F2446014700C3CF39 /* ImageDownloader.swift */; };
		BE8DE8432446054100C3CF39 /* UICollectionView+DequeueGenericCell.swift in Sources */ = {isa = PBXBuildFile; fileRef = BE8DE8422446054100C3CF39 /* UICollectionView+DequeueGenericCell.swift */; };
		BE8DE8462446457E00C3CF39 /* CardNibNameProvider.swift in Sources */ = {isa = PBXBuildFile; fileRef = BE8DE8452446457E00C3CF39 /* CardNibNameProvider.swift */; };
		BE8DE84824464F6F00C3CF39 /* ColourWrapper.swift in Sources */ = {isa = PBXBuildFile; fileRef = BE8DE84724464F6F00C3CF39 /* ColourWrapper.swift */; };
		BE8DE84A24464F7E00C3CF39 /* FontWrapper.swift in Sources */ = {isa = PBXBuildFile; fileRef = BE8DE84924464F7E00C3CF39 /* FontWrapper.swift */; };
		BE8DE84C24464FB500C3CF39 /* FontStyle.swift in Sources */ = {isa = PBXBuildFile; fileRef = BE8DE84B24464FB500C3CF39 /* FontStyle.swift */; };
		BEB503922458BCCC001CE5BB /* TitleBlockCell.swift in Sources */ = {isa = PBXBuildFile; fileRef = BEB503902458BCCC001CE5BB /* TitleBlockCell.swift */; };
		BEB503932458BCCC001CE5BB /* TitleBlockCell.xib in Resources */ = {isa = PBXBuildFile; fileRef = BEB503912458BCCC001CE5BB /* TitleBlockCell.xib */; };
		BEB503952458BD31001CE5BB /* TitleBlock.swift in Sources */ = {isa = PBXBuildFile; fileRef = BEB503942458BD31001CE5BB /* TitleBlock.swift */; };
		BEE38E44244CC2850019A138 /* list-phone.json in Resources */ = {isa = PBXBuildFile; fileRef = BEE38E43244CC2850019A138 /* list-phone.json */; };
		BEE38E4A2450E61C0019A138 /* AppCoordinator.swift in Sources */ = {isa = PBXBuildFile; fileRef = BEE38E492450E61C0019A138 /* AppCoordinator.swift */; };
		BEE57A5224607C4800F89A0E /* SkeletonBlock.swift in Sources */ = {isa = PBXBuildFile; fileRef = BEE57A5124607C4800F89A0E /* SkeletonBlock.swift */; };
		BEE57A5724608B0200F89A0E /* Sizeable.swift in Sources */ = {isa = PBXBuildFile; fileRef = BEE57A5624608B0200F89A0E /* Sizeable.swift */; };
		BEE57A59246179FD00F89A0E /* PostSkeletonView.xib in Resources */ = {isa = PBXBuildFile; fileRef = BEE57A58246179FD00F89A0E /* PostSkeletonView.xib */; };
		BEE57A5B24617A0600F89A0E /* PostSkeletonView.swift in Sources */ = {isa = PBXBuildFile; fileRef = BEE57A5A24617A0600F89A0E /* PostSkeletonView.swift */; };
		BEE57A5F2461862D00F89A0E /* SkeletonableView.swift in Sources */ = {isa = PBXBuildFile; fileRef = BEE57A5E2461862D00F89A0E /* SkeletonableView.swift */; };
		BEE57A63246198D600F89A0E /* SplashViewController.swift in Sources */ = {isa = PBXBuildFile; fileRef = BEE57A62246198D600F89A0E /* SplashViewController.swift */; };
		BEE57A66246198FA00F89A0E /* Splash.storyboard in Resources */ = {isa = PBXBuildFile; fileRef = BEE57A65246198FA00F89A0E /* Splash.storyboard */; };
		BEF3DF68243CFCE200CFF00F /* AppDelegate.swift in Sources */ = {isa = PBXBuildFile; fileRef = BEF3DF67243CFCE200CFF00F /* AppDelegate.swift */; };
		BEF3DF6C243CFCE200CFF00F /* BlockListViewController.swift in Sources */ = {isa = PBXBuildFile; fileRef = BEF3DF6B243CFCE200CFF00F /* BlockListViewController.swift */; };
		BEF3DF71243CFCE300CFF00F /* Assets.xcassets in Resources */ = {isa = PBXBuildFile; fileRef = BEF3DF70243CFCE300CFF00F /* Assets.xcassets */; };
		BEF3DF7F243CFCE300CFF00F /* DarkEagleV2Tests.swift in Sources */ = {isa = PBXBuildFile; fileRef = BEF3DF7E243CFCE300CFF00F /* DarkEagleV2Tests.swift */; };
		BEF3DF91243D14C800CFF00F /* TextBlockCell.swift in Sources */ = {isa = PBXBuildFile; fileRef = BEF3DF8F243D14C800CFF00F /* TextBlockCell.swift */; };
		BEF3DF92243D14C800CFF00F /* TextBlockCell.xib in Resources */ = {isa = PBXBuildFile; fileRef = BEF3DF90243D14C800CFF00F /* TextBlockCell.xib */; };
/* End PBXBuildFile section */

/* Begin PBXContainerItemProxy section */
		BEF3DF7B243CFCE300CFF00F /* PBXContainerItemProxy */ = {
			isa = PBXContainerItemProxy;
			containerPortal = BEF3DF5C243CFCE100CFF00F /* Project object */;
			proxyType = 1;
			remoteGlobalIDString = BEF3DF63243CFCE200CFF00F;
			remoteInfo = DarkEagleV2;
		};
/* End PBXContainerItemProxy section */

/* Begin PBXFileReference section */
		1E00F3C09ADEF1E4C3C5A57B /* Pods_DarkEagleV2.framework */ = {isa = PBXFileReference; explicitFileType = wrapper.framework; includeInIndex = 0; path = Pods_DarkEagleV2.framework; sourceTree = BUILT_PRODUCTS_DIR; };
		208BF38614A4200C98D87782 /* Pods-DarkEagleV2Tests.release.xcconfig */ = {isa = PBXFileReference; includeInIndex = 1; lastKnownFileType = text.xcconfig; name = "Pods-DarkEagleV2Tests.release.xcconfig"; path = "Target Support Files/Pods-DarkEagleV2Tests/Pods-DarkEagleV2Tests.release.xcconfig"; sourceTree = "<group>"; };
		4279B5FB5145F47A0E88953D /* Pods-DarkEagleV2Tests.debug.xcconfig */ = {isa = PBXFileReference; includeInIndex = 1; lastKnownFileType = text.xcconfig; name = "Pods-DarkEagleV2Tests.debug.xcconfig"; path = "Target Support Files/Pods-DarkEagleV2Tests/Pods-DarkEagleV2Tests.debug.xcconfig"; sourceTree = "<group>"; };
		A2DD71B8B790932A9BC752A6 /* Pods-DarkEagleV2.release.xcconfig */ = {isa = PBXFileReference; includeInIndex = 1; lastKnownFileType = text.xcconfig; name = "Pods-DarkEagleV2.release.xcconfig"; path = "Target Support Files/Pods-DarkEagleV2/Pods-DarkEagleV2.release.xcconfig"; sourceTree = "<group>"; };
		BE012EB6244AF83300F2588B /* list-tablet.json */ = {isa = PBXFileReference; lastKnownFileType = text.json; path = "list-tablet.json"; sourceTree = "<group>"; };
		BE012EBA244AF90B00F2588B /* List.swift */ = {isa = PBXFileReference; lastKnownFileType = sourcecode.swift; path = List.swift; sourceTree = "<group>"; };
		BE012EBC244AF94200F2588B /* ListViewModel.swift */ = {isa = PBXFileReference; lastKnownFileType = sourcecode.swift; path = ListViewModel.swift; sourceTree = "<group>"; };
		BE012EC1244B092100F2588B /* PostListCoordinator.swift */ = {isa = PBXFileReference; lastKnownFileType = sourcecode.swift; path = PostListCoordinator.swift; sourceTree = "<group>"; };
		BE012EC4244B094100F2588B /* Weak.swift */ = {isa = PBXFileReference; lastKnownFileType = sourcecode.swift; path = Weak.swift; sourceTree = "<group>"; };
		BE15E18D245D875D0095FFEF /* ramsgate-fire.json */ = {isa = PBXFileReference; lastKnownFileType = text.json; path = "ramsgate-fire.json"; sourceTree = "<group>"; };
		BE15E18F245D89650095FFEF /* home.json */ = {isa = PBXFileReference; lastKnownFileType = text.json; path = home.json; sourceTree = "<group>"; };
		BE15E191245D8A9A0095FFEF /* folkestone-hythe-vandalism.json */ = {isa = PBXFileReference; lastKnownFileType = text.json; path = "folkestone-hythe-vandalism.json"; sourceTree = "<group>"; };
		BE15E193245D8CA00095FFEF /* immunisation-concerns.json */ = {isa = PBXFileReference; lastKnownFileType = text.json; path = "immunisation-concerns.json"; sourceTree = "<group>"; };
		BE15E195245D8EC30095FFEF /* greggs-to-reopen.json */ = {isa = PBXFileReference; lastKnownFileType = text.json; path = "greggs-to-reopen.json"; sourceTree = "<group>"; };
		BE15E197245D90A90095FFEF /* seasonal-dog-ban.json */ = {isa = PBXFileReference; lastKnownFileType = text.json; path = "seasonal-dog-ban.json"; sourceTree = "<group>"; };
		BE37329924545FF8008CAB06 /* ViewCoordinator.swift */ = {isa = PBXFileReference; lastKnownFileType = sourcecode.swift; path = ViewCoordinator.swift; sourceTree = "<group>"; };
		BE37329C24547127008CAB06 /* Login.storyboard */ = {isa = PBXFileReference; lastKnownFileType = file.storyboard; path = Login.storyboard; sourceTree = "<group>"; };
		BE37329F2454727A008CAB06 /* LoginViewController.swift */ = {isa = PBXFileReference; lastKnownFileType = sourcecode.swift; path = LoginViewController.swift; sourceTree = "<group>"; };
		BE3732A2245485A7008CAB06 /* LoadingView.xib */ = {isa = PBXFileReference; lastKnownFileType = file.xib; path = LoadingView.xib; sourceTree = "<group>"; };
		BE3732A4245486FA008CAB06 /* LoadingView.swift */ = {isa = PBXFileReference; lastKnownFileType = sourcecode.swift; path = LoadingView.swift; sourceTree = "<group>"; };
		BE69D0802455DFE80027836B /* LoginCoordinator.swift */ = {isa = PBXFileReference; lastKnownFileType = sourcecode.swift; path = LoginCoordinator.swift; sourceTree = "<group>"; };
		BE79ED0B2441FF19009249FE /* SceneDelegate.swift */ = {isa = PBXFileReference; lastKnownFileType = sourcecode.swift; path = SceneDelegate.swift; sourceTree = "<group>"; };
		BE79ED3F2441FFA6009249FE /* DETextView.swift */ = {isa = PBXFileReference; lastKnownFileType = sourcecode.swift; path = DETextView.swift; sourceTree = "<group>"; };
		BE79ED422442003B009249FE /* DynamicCellSizeProvider.swift */ = {isa = PBXFileReference; lastKnownFileType = sourcecode.swift; path = DynamicCellSizeProvider.swift; sourceTree = "<group>"; };
		BE79ED4724420080009249FE /* NibLoadable.swift */ = {isa = PBXFileReference; lastKnownFileType = sourcecode.swift; path = NibLoadable.swift; sourceTree = "<group>"; };
		BE79ED4A24420432009249FE /* Array+FirstOfType.swift */ = {isa = PBXFileReference; lastKnownFileType = sourcecode.swift; path = "Array+FirstOfType.swift"; sourceTree = "<group>"; };
		BE79ED4C244204C5009249FE /* DynamicConfigureActionProvider.swift */ = {isa = PBXFileReference; lastKnownFileType = sourcecode.swift; path = DynamicConfigureActionProvider.swift; sourceTree = "<group>"; };
		BE79ED4E2442055E009249FE /* AnyBlock.swift */ = {isa = PBXFileReference; lastKnownFileType = sourcecode.swift; path = AnyBlock.swift; sourceTree = "<group>"; };
		BE79ED5024420CFC009249FE /* TextBlock.swift */ = {isa = PBXFileReference; lastKnownFileType = sourcecode.swift; path = TextBlock.swift; sourceTree = "<group>"; };
		BE79ED5224420D0D009249FE /* ImageBlock.swift */ = {isa = PBXFileReference; lastKnownFileType = sourcecode.swift; path = ImageBlock.swift; sourceTree = "<group>"; };
		BE79ED5524420D28009249FE /* Block.swift */ = {isa = PBXFileReference; lastKnownFileType = sourcecode.swift; path = Block.swift; sourceTree = "<group>"; };
		BE79ED5824420D3B009249FE /* BlockType.swift */ = {isa = PBXFileReference; lastKnownFileType = sourcecode.swift; path = BlockType.swift; sourceTree = "<group>"; };
		BE79ED5A24420D57009249FE /* TextStyle.swift */ = {isa = PBXFileReference; lastKnownFileType = sourcecode.swift; path = TextStyle.swift; sourceTree = "<group>"; };
		BE79ED6024420DC0009249FE /* posts.json */ = {isa = PBXFileReference; lastKnownFileType = text.json; path = posts.json; sourceTree = "<group>"; };
		BE79ED6224420DD4009249FE /* Post.swift */ = {isa = PBXFileReference; lastKnownFileType = sourcecode.swift; path = Post.swift; sourceTree = "<group>"; };
		BE79ED652442288B009249FE /* PostDownloader.swift */ = {isa = PBXFileReference; lastKnownFileType = sourcecode.swift; path = PostDownloader.swift; sourceTree = "<group>"; };
		BE79ED6824423266009249FE /* NativePostViewModel.swift */ = {isa = PBXFileReference; lastKnownFileType = sourcecode.swift; path = NativePostViewModel.swift; sourceTree = "<group>"; };
		BE79ED6D24430C2D009249FE /* ImageBlockCell.swift */ = {isa = PBXFileReference; lastKnownFileType = sourcecode.swift; path = ImageBlockCell.swift; sourceTree = "<group>"; };
		BE79ED6E24430C2D009249FE /* ImageBlockCell.xib */ = {isa = PBXFileReference; lastKnownFileType = file.xib; path = ImageBlockCell.xib; sourceTree = "<group>"; };
		BE79ED7224430C67009249FE /* BlockListCellProvider.swift */ = {isa = PBXFileReference; lastKnownFileType = sourcecode.swift; path = BlockListCellProvider.swift; sourceTree = "<group>"; };
		BE79ED752443215B009249FE /* NSMutableAttributedString+WithStyles.swift */ = {isa = PBXFileReference; lastKnownFileType = sourcecode.swift; path = "NSMutableAttributedString+WithStyles.swift"; sourceTree = "<group>"; };
		BE79ED77244329B6009249FE /* Action.swift */ = {isa = PBXFileReference; lastKnownFileType = sourcecode.swift; path = Action.swift; sourceTree = "<group>"; };
		BE8C327A244B7D430003CC01 /* Size.swift */ = {isa = PBXFileReference; lastKnownFileType = sourcecode.swift; path = Size.swift; sourceTree = "<group>"; };
		BE8DE80F24437D0200C3CF39 /* UIColor+Hex.swift */ = {isa = PBXFileReference; lastKnownFileType = sourcecode.swift; path = "UIColor+Hex.swift"; sourceTree = "<group>"; };
		BE8DE81124437D2300C3CF39 /* UIView+AutoLayoutHelpers.swift */ = {isa = PBXFileReference; lastKnownFileType = sourcecode.swift; path = "UIView+AutoLayoutHelpers.swift"; sourceTree = "<group>"; };
		BE8DE8132443906D00C3CF39 /* UITextInputTokenizer+TappedRanges.swift */ = {isa = PBXFileReference; lastKnownFileType = sourcecode.swift; path = "UITextInputTokenizer+TappedRanges.swift"; sourceTree = "<group>"; };
		BE8DE8172443ADA200C3CF39 /* SelectionOptionsView.swift */ = {isa = PBXFileReference; lastKnownFileType = sourcecode.swift; path = SelectionOptionsView.swift; sourceTree = "<group>"; };
		BE8DE8192443B63300C3CF39 /* insta-post.json */ = {isa = PBXFileReference; lastKnownFileType = text.json; path = "insta-post.json"; sourceTree = "<group>"; };
		BE8DE81D2444DE6400C3CF39 /* Block.storyboard */ = {isa = PBXFileReference; lastKnownFileType = file.storyboard; path = Block.storyboard; sourceTree = "<group>"; };
		BE8DE8222444DF1800C3CF39 /* StoryboardCreatable.swift */ = {isa = PBXFileReference; lastKnownFileType = sourcecode.swift; path = StoryboardCreatable.swift; sourceTree = "<group>"; };
		BE8DE82C2445E4BF00C3CF39 /* BlockSection.swift */ = {isa = PBXFileReference; lastKnownFileType = sourcecode.swift; path = BlockSection.swift; sourceTree = "<group>"; };
		BE8DE8322445F0B300C3CF39 /* BlockListViewModel.swift */ = {isa = PBXFileReference; lastKnownFileType = sourcecode.swift; path = BlockListViewModel.swift; sourceTree = "<group>"; };
		BE8DE8352445F90400C3CF39 /* CardBlock.swift */ = {isa = PBXFileReference; lastKnownFileType = sourcecode.swift; path = CardBlock.swift; sourceTree = "<group>"; };
		BE8DE8382445FF7900C3CF39 /* CardBlockCell.swift */ = {isa = PBXFileReference; lastKnownFileType = sourcecode.swift; path = CardBlockCell.swift; sourceTree = "<group>"; };
		BE8DE83A2445FF9B00C3CF39 /* LargeCardBlockCell.xib */ = {isa = PBXFileReference; lastKnownFileType = file.xib; path = LargeCardBlockCell.xib; sourceTree = "<group>"; };
		BE8DE83C2445FFC900C3CF39 /* RowCardBlockCell.xib */ = {isa = PBXFileReference; lastKnownFileType = file.xib; path = RowCardBlockCell.xib; sourceTree = "<group>"; };
		BE8DE83F2446014700C3CF39 /* ImageDownloader.swift */ = {isa = PBXFileReference; lastKnownFileType = sourcecode.swift; path = ImageDownloader.swift; sourceTree = "<group>"; };
		BE8DE8422446054100C3CF39 /* UICollectionView+DequeueGenericCell.swift */ = {isa = PBXFileReference; lastKnownFileType = sourcecode.swift; path = "UICollectionView+DequeueGenericCell.swift"; sourceTree = "<group>"; };
		BE8DE8452446457E00C3CF39 /* CardNibNameProvider.swift */ = {isa = PBXFileReference; lastKnownFileType = sourcecode.swift; path = CardNibNameProvider.swift; sourceTree = "<group>"; };
		BE8DE84724464F6F00C3CF39 /* ColourWrapper.swift */ = {isa = PBXFileReference; lastKnownFileType = sourcecode.swift; path = ColourWrapper.swift; sourceTree = "<group>"; };
		BE8DE84924464F7E00C3CF39 /* FontWrapper.swift */ = {isa = PBXFileReference; lastKnownFileType = sourcecode.swift; path = FontWrapper.swift; sourceTree = "<group>"; };
		BE8DE84B24464FB500C3CF39 /* FontStyle.swift */ = {isa = PBXFileReference; lastKnownFileType = sourcecode.swift; path = FontStyle.swift; sourceTree = "<group>"; };
		BEB503902458BCCC001CE5BB /* TitleBlockCell.swift */ = {isa = PBXFileReference; lastKnownFileType = sourcecode.swift; path = TitleBlockCell.swift; sourceTree = "<group>"; };
		BEB503912458BCCC001CE5BB /* TitleBlockCell.xib */ = {isa = PBXFileReference; lastKnownFileType = file.xib; path = TitleBlockCell.xib; sourceTree = "<group>"; };
		BEB503942458BD31001CE5BB /* TitleBlock.swift */ = {isa = PBXFileReference; lastKnownFileType = sourcecode.swift; path = TitleBlock.swift; sourceTree = "<group>"; };
		BEE38E43244CC2850019A138 /* list-phone.json */ = {isa = PBXFileReference; lastKnownFileType = text.json; path = "list-phone.json"; sourceTree = "<group>"; };
		BEE38E492450E61C0019A138 /* AppCoordinator.swift */ = {isa = PBXFileReference; lastKnownFileType = sourcecode.swift; path = AppCoordinator.swift; sourceTree = "<group>"; };
		BEE57A5124607C4800F89A0E /* SkeletonBlock.swift */ = {isa = PBXFileReference; lastKnownFileType = sourcecode.swift; path = SkeletonBlock.swift; sourceTree = "<group>"; };
		BEE57A5624608B0200F89A0E /* Sizeable.swift */ = {isa = PBXFileReference; lastKnownFileType = sourcecode.swift; path = Sizeable.swift; sourceTree = "<group>"; };
		BEE57A58246179FD00F89A0E /* PostSkeletonView.xib */ = {isa = PBXFileReference; lastKnownFileType = file.xib; path = PostSkeletonView.xib; sourceTree = "<group>"; };
		BEE57A5A24617A0600F89A0E /* PostSkeletonView.swift */ = {isa = PBXFileReference; lastKnownFileType = sourcecode.swift; path = PostSkeletonView.swift; sourceTree = "<group>"; };
		BEE57A5E2461862D00F89A0E /* SkeletonableView.swift */ = {isa = PBXFileReference; lastKnownFileType = sourcecode.swift; path = SkeletonableView.swift; sourceTree = "<group>"; };
		BEE57A62246198D600F89A0E /* SplashViewController.swift */ = {isa = PBXFileReference; lastKnownFileType = sourcecode.swift; path = SplashViewController.swift; sourceTree = "<group>"; };
		BEE57A65246198FA00F89A0E /* Splash.storyboard */ = {isa = PBXFileReference; lastKnownFileType = file.storyboard; path = Splash.storyboard; sourceTree = "<group>"; };
		BEF3DF64243CFCE200CFF00F /* Grapevine.app */ = {isa = PBXFileReference; explicitFileType = wrapper.application; includeInIndex = 0; path = Grapevine.app; sourceTree = BUILT_PRODUCTS_DIR; };
		BEF3DF67243CFCE200CFF00F /* AppDelegate.swift */ = {isa = PBXFileReference; lastKnownFileType = sourcecode.swift; path = AppDelegate.swift; sourceTree = "<group>"; };
		BEF3DF6B243CFCE200CFF00F /* BlockListViewController.swift */ = {isa = PBXFileReference; lastKnownFileType = sourcecode.swift; path = BlockListViewController.swift; sourceTree = "<group>"; };
		BEF3DF70243CFCE300CFF00F /* Assets.xcassets */ = {isa = PBXFileReference; lastKnownFileType = folder.assetcatalog; path = Assets.xcassets; sourceTree = "<group>"; };
		BEF3DF75243CFCE300CFF00F /* Info.plist */ = {isa = PBXFileReference; lastKnownFileType = text.plist.xml; path = Info.plist; sourceTree = "<group>"; };
		BEF3DF7A243CFCE300CFF00F /* DarkEagleV2Tests.xctest */ = {isa = PBXFileReference; explicitFileType = wrapper.cfbundle; includeInIndex = 0; path = DarkEagleV2Tests.xctest; sourceTree = BUILT_PRODUCTS_DIR; };
		BEF3DF7E243CFCE300CFF00F /* DarkEagleV2Tests.swift */ = {isa = PBXFileReference; lastKnownFileType = sourcecode.swift; path = DarkEagleV2Tests.swift; sourceTree = "<group>"; };
		BEF3DF80243CFCE300CFF00F /* Info.plist */ = {isa = PBXFileReference; lastKnownFileType = text.plist.xml; path = Info.plist; sourceTree = "<group>"; };
		BEF3DF8F243D14C800CFF00F /* TextBlockCell.swift */ = {isa = PBXFileReference; lastKnownFileType = sourcecode.swift; path = TextBlockCell.swift; sourceTree = "<group>"; };
		BEF3DF90243D14C800CFF00F /* TextBlockCell.xib */ = {isa = PBXFileReference; lastKnownFileType = file.xib; path = TextBlockCell.xib; sourceTree = "<group>"; };
		D0CDEF6814E0C14F9F166C53 /* Pods_DarkEagleV2Tests.framework */ = {isa = PBXFileReference; explicitFileType = wrapper.framework; includeInIndex = 0; path = Pods_DarkEagleV2Tests.framework; sourceTree = BUILT_PRODUCTS_DIR; };
		D6DB017694CC0BD81FFBDA29 /* Pods-DarkEagleV2.debug.xcconfig */ = {isa = PBXFileReference; includeInIndex = 1; lastKnownFileType = text.xcconfig; name = "Pods-DarkEagleV2.debug.xcconfig"; path = "Target Support Files/Pods-DarkEagleV2/Pods-DarkEagleV2.debug.xcconfig"; sourceTree = "<group>"; };
/* End PBXFileReference section */

/* Begin PBXFrameworksBuildPhase section */
		BEF3DF61243CFCE200CFF00F /* Frameworks */ = {
			isa = PBXFrameworksBuildPhase;
			buildActionMask = 2147483647;
			files = (
				79049B5F6B5D005FC2EF8F39 /* Pods_DarkEagleV2.framework in Frameworks */,
			);
			runOnlyForDeploymentPostprocessing = 0;
		};
		BEF3DF77243CFCE300CFF00F /* Frameworks */ = {
			isa = PBXFrameworksBuildPhase;
			buildActionMask = 2147483647;
			files = (
				61264172A3B1DE85118E2793 /* Pods_DarkEagleV2Tests.framework in Frameworks */,
			);
			runOnlyForDeploymentPostprocessing = 0;
		};
/* End PBXFrameworksBuildPhase section */

/* Begin PBXGroup section */
		64C04B4611DB7D00BED8A3C5 /* Frameworks */ = {
			isa = PBXGroup;
			children = (
				1E00F3C09ADEF1E4C3C5A57B /* Pods_DarkEagleV2.framework */,
				D0CDEF6814E0C14F9F166C53 /* Pods_DarkEagleV2Tests.framework */,
			);
			name = Frameworks;
			sourceTree = "<group>";
		};
		B43A4D3389526D37C9F0D5D7 /* Pods */ = {
			isa = PBXGroup;
			children = (
				D6DB017694CC0BD81FFBDA29 /* Pods-DarkEagleV2.debug.xcconfig */,
				A2DD71B8B790932A9BC752A6 /* Pods-DarkEagleV2.release.xcconfig */,
				4279B5FB5145F47A0E88953D /* Pods-DarkEagleV2Tests.debug.xcconfig */,
				208BF38614A4200C98D87782 /* Pods-DarkEagleV2Tests.release.xcconfig */,
			);
			path = Pods;
			sourceTree = "<group>";
		};
		BE012EBE244AF97800F2588B /* Coordinators */ = {
			isa = PBXGroup;
			children = (
				BEE38E492450E61C0019A138 /* AppCoordinator.swift */,
				BE37329924545FF8008CAB06 /* ViewCoordinator.swift */,
			);
			path = Coordinators;
			sourceTree = "<group>";
		};
		BE012EC3244B093A00F2588B /* Models */ = {
			isa = PBXGroup;
			children = (
				BE012EC4244B094100F2588B /* Weak.swift */,
			);
			path = Models;
			sourceTree = "<group>";
		};
		BE37329B2454711C008CAB06 /* Login */ = {
			isa = PBXGroup;
			children = (
				BE69D07F2455DFDE0027836B /* Coordinators */,
				BE69D07C2455BAD80027836B /* Views */,
				BE37329E2454726F008CAB06 /* View Controllers */,
				BE37329C24547127008CAB06 /* Login.storyboard */,
			);
			path = Login;
			sourceTree = "<group>";
		};
		BE37329E2454726F008CAB06 /* View Controllers */ = {
			isa = PBXGroup;
			children = (
				BE37329F2454727A008CAB06 /* LoginViewController.swift */,
			);
			path = "View Controllers";
			sourceTree = "<group>";
		};
		BE3732A124548595008CAB06 /* Views */ = {
			isa = PBXGroup;
			children = (
				BE3732A2245485A7008CAB06 /* LoadingView.xib */,
				BE3732A4245486FA008CAB06 /* LoadingView.swift */,
			);
			path = Views;
			sourceTree = "<group>";
		};
		BE69D07C2455BAD80027836B /* Views */ = {
			isa = PBXGroup;
			children = (
			);
			path = Views;
			sourceTree = "<group>";
		};
		BE69D07F2455DFDE0027836B /* Coordinators */ = {
			isa = PBXGroup;
			children = (
				BE69D0802455DFE80027836B /* LoginCoordinator.swift */,
			);
			path = Coordinators;
			sourceTree = "<group>";
		};
		BE79ED0A2441FE3A009249FE /* App */ = {
			isa = PBXGroup;
			children = (
				BEF3DF67243CFCE200CFF00F /* AppDelegate.swift */,
				BE8DE83E2446013900C3CF39 /* Controllers */,
				BE012EBE244AF97800F2588B /* Coordinators */,
				BE79ED4924420427009249FE /* Extensions */,
				BE012EC3244B093A00F2588B /* Models */,
				BE8DE8212444DF0C00C3CF39 /* Protocols */,
				BE79ED0B2441FF19009249FE /* SceneDelegate.swift */,
				BE3732A124548595008CAB06 /* Views */,
			);
			path = App;
			sourceTree = "<group>";
		};
		BE79ED3B2441FF73009249FE /* Post */ = {
			isa = PBXGroup;
			children = (
				BE79ED6424422642009249FE /* Controller */,
				BE79ED5724420D31009249FE /* Enums */,
				BE79ED7424432145009249FE /* Extensions */,
				BE79ED3E2441FF86009249FE /* Models */,
				BE79ED5424420D1F009249FE /* Protocols */,
				BE79ED6724423259009249FE /* View Models */,
				BE79ED3D2441FF80009249FE /* Views */,
			);
			path = Post;
			sourceTree = "<group>";
		};
		BE79ED3D2441FF80009249FE /* Views */ = {
			isa = PBXGroup;
			children = (
				BEF3DF8F243D14C800CFF00F /* TextBlockCell.swift */,
				BEF3DF90243D14C800CFF00F /* TextBlockCell.xib */,
				BE79ED3F2441FFA6009249FE /* DETextView.swift */,
				BE79ED6D24430C2D009249FE /* ImageBlockCell.swift */,
				BE79ED6E24430C2D009249FE /* ImageBlockCell.xib */,
				BE8DE8172443ADA200C3CF39 /* SelectionOptionsView.swift */,
				BEE57A58246179FD00F89A0E /* PostSkeletonView.xib */,
				BEE57A5A24617A0600F89A0E /* PostSkeletonView.swift */,
			);
			path = Views;
			sourceTree = "<group>";
		};
		BE79ED3E2441FF86009249FE /* Models */ = {
			isa = PBXGroup;
			children = (
				BE79ED5224420D0D009249FE /* ImageBlock.swift */,
				BE79ED6224420DD4009249FE /* Post.swift */,
				BE79ED5024420CFC009249FE /* TextBlock.swift */,
				BE79ED5A24420D57009249FE /* TextStyle.swift */,
				BE012EBA244AF90B00F2588B /* List.swift */,
			);
			path = Models;
			sourceTree = "<group>";
		};
		BE79ED4924420427009249FE /* Extensions */ = {
			isa = PBXGroup;
			children = (
				BE79ED4A24420432009249FE /* Array+FirstOfType.swift */,
				BE8DE80F24437D0200C3CF39 /* UIColor+Hex.swift */,
				BE8DE81124437D2300C3CF39 /* UIView+AutoLayoutHelpers.swift */,
				BE8DE8422446054100C3CF39 /* UICollectionView+DequeueGenericCell.swift */,
			);
			path = Extensions;
			sourceTree = "<group>";
		};
		BE79ED5424420D1F009249FE /* Protocols */ = {
			isa = PBXGroup;
			children = (
				BE79ED5524420D28009249FE /* Block.swift */,
			);
			path = Protocols;
			sourceTree = "<group>";
		};
		BE79ED5724420D31009249FE /* Enums */ = {
			isa = PBXGroup;
			children = (
				BE79ED5824420D3B009249FE /* BlockType.swift */,
			);
			path = Enums;
			sourceTree = "<group>";
		};
		BE79ED5C24420D96009249FE /* Resources */ = {
			isa = PBXGroup;
			children = (
				BE79ED5F24420DAF009249FE /* Test Data */,
				BE79ED5E24420DA2009249FE /* Plists */,
				BE79ED5D24420D9C009249FE /* Assets */,
			);
			path = Resources;
			sourceTree = "<group>";
		};
		BE79ED5D24420D9C009249FE /* Assets */ = {
			isa = PBXGroup;
			children = (
				BEF3DF70243CFCE300CFF00F /* Assets.xcassets */,
			);
			path = Assets;
			sourceTree = "<group>";
		};
		BE79ED5E24420DA2009249FE /* Plists */ = {
			isa = PBXGroup;
			children = (
				BEF3DF75243CFCE300CFF00F /* Info.plist */,
			);
			path = Plists;
			sourceTree = "<group>";
		};
		BE79ED5F24420DAF009249FE /* Test Data */ = {
			isa = PBXGroup;
			children = (
				BE79ED6024420DC0009249FE /* posts.json */,
				BE8DE8192443B63300C3CF39 /* insta-post.json */,
				BE012EB6244AF83300F2588B /* list-tablet.json */,
				BEE38E43244CC2850019A138 /* list-phone.json */,
				BE15E18F245D89650095FFEF /* home.json */,
				BE15E18D245D875D0095FFEF /* ramsgate-fire.json */,
				BE15E191245D8A9A0095FFEF /* folkestone-hythe-vandalism.json */,
				BE15E193245D8CA00095FFEF /* immunisation-concerns.json */,
				BE15E195245D8EC30095FFEF /* greggs-to-reopen.json */,
				BE15E197245D90A90095FFEF /* seasonal-dog-ban.json */,
			);
			path = "Test Data";
			sourceTree = "<group>";
		};
		BE79ED6424422642009249FE /* Controller */ = {
			isa = PBXGroup;
			children = (
				BE79ED652442288B009249FE /* PostDownloader.swift */,
			);
			path = Controller;
			sourceTree = "<group>";
		};
		BE79ED6724423259009249FE /* View Models */ = {
			isa = PBXGroup;
			children = (
				BE79ED6824423266009249FE /* NativePostViewModel.swift */,
				BE012EBC244AF94200F2588B /* ListViewModel.swift */,
			);
			path = "View Models";
			sourceTree = "<group>";
		};
		BE79ED7424432145009249FE /* Extensions */ = {
			isa = PBXGroup;
			children = (
				BE79ED752443215B009249FE /* NSMutableAttributedString+WithStyles.swift */,
				BE8DE8132443906D00C3CF39 /* UITextInputTokenizer+TappedRanges.swift */,
			);
			path = Extensions;
			sourceTree = "<group>";
		};
		BE8DE81B2444DCE800C3CF39 /* Card */ = {
			isa = PBXGroup;
			children = (
				BE8DE8442446457100C3CF39 /* Providers */,
				BE8DE8342445F87300C3CF39 /* Models */,
				BE8DE8292444E10E00C3CF39 /* View Models */,
				BE8DE8372445FF3100C3CF39 /* Views */,
			);
			path = Card;
			sourceTree = "<group>";
		};
		BE8DE8212444DF0C00C3CF39 /* Protocols */ = {
			isa = PBXGroup;
			children = (
				BE8DE8222444DF1800C3CF39 /* StoryboardCreatable.swift */,
				BEE57A5624608B0200F89A0E /* Sizeable.swift */,
			);
			path = Protocols;
			sourceTree = "<group>";
		};
		BE8DE8292444E10E00C3CF39 /* View Models */ = {
			isa = PBXGroup;
			children = (
			);
			path = "View Models";
			sourceTree = "<group>";
		};
		BE8DE82E2445EA1F00C3CF39 /* Blocks */ = {
			isa = PBXGroup;
			children = (
				BE8DE81D2444DE6400C3CF39 /* Block.storyboard */,
				BEE38E482450E6060019A138 /* Coordinators */,
				BE8DE82F2445EA2900C3CF39 /* Models */,
				BE8DE8312445F0A800C3CF39 /* Protocols */,
				BE8DE8412446052500C3CF39 /* Providers */,
				BE8DE8302445F02100C3CF39 /* View Controllers */,
			);
			path = Blocks;
			sourceTree = "<group>";
		};
		BE8DE82F2445EA2900C3CF39 /* Models */ = {
			isa = PBXGroup;
			children = (
				BE79ED77244329B6009249FE /* Action.swift */,
				BE79ED4E2442055E009249FE /* AnyBlock.swift */,
				BE8DE82C2445E4BF00C3CF39 /* BlockSection.swift */,
				BE8DE84724464F6F00C3CF39 /* ColourWrapper.swift */,
				BE8DE84924464F7E00C3CF39 /* FontWrapper.swift */,
				BE8C327A244B7D430003CC01 /* Size.swift */,
			);
			path = Models;
			sourceTree = "<group>";
		};
		BE8DE8302445F02100C3CF39 /* View Controllers */ = {
			isa = PBXGroup;
			children = (
				BEF3DF6B243CFCE200CFF00F /* BlockListViewController.swift */,
			);
			path = "View Controllers";
			sourceTree = "<group>";
		};
		BE8DE8312445F0A800C3CF39 /* Protocols */ = {
			isa = PBXGroup;
			children = (
				BE8DE8322445F0B300C3CF39 /* BlockListViewModel.swift */,
				BE79ED4724420080009249FE /* NibLoadable.swift */,
			);
			path = Protocols;
			sourceTree = "<group>";
		};
		BE8DE8342445F87300C3CF39 /* Models */ = {
			isa = PBXGroup;
			children = (
				BE8DE8352445F90400C3CF39 /* CardBlock.swift */,
				BE8DE84B24464FB500C3CF39 /* FontStyle.swift */,
				BEE57A5124607C4800F89A0E /* SkeletonBlock.swift */,
				BEB503942458BD31001CE5BB /* TitleBlock.swift */,
			);
			path = Models;
			sourceTree = "<group>";
		};
		BE8DE8372445FF3100C3CF39 /* Views */ = {
			isa = PBXGroup;
			children = (
				BE8DE8382445FF7900C3CF39 /* CardBlockCell.swift */,
				BE8DE83A2445FF9B00C3CF39 /* LargeCardBlockCell.xib */,
				BE8DE83C2445FFC900C3CF39 /* RowCardBlockCell.xib */,
				BEB503902458BCCC001CE5BB /* TitleBlockCell.swift */,
				BEB503912458BCCC001CE5BB /* TitleBlockCell.xib */,
			);
			path = Views;
			sourceTree = "<group>";
		};
		BE8DE83E2446013900C3CF39 /* Controllers */ = {
			isa = PBXGroup;
			children = (
				BE8DE83F2446014700C3CF39 /* ImageDownloader.swift */,
			);
			path = Controllers;
			sourceTree = "<group>";
		};
		BE8DE8412446052500C3CF39 /* Providers */ = {
			isa = PBXGroup;
			children = (
				BE79ED7224430C67009249FE /* BlockListCellProvider.swift */,
				BE79ED422442003B009249FE /* DynamicCellSizeProvider.swift */,
				BE79ED4C244204C5009249FE /* DynamicConfigureActionProvider.swift */,
			);
			path = Providers;
			sourceTree = "<group>";
		};
		BE8DE8442446457100C3CF39 /* Providers */ = {
			isa = PBXGroup;
			children = (
				BE8DE8452446457E00C3CF39 /* CardNibNameProvider.swift */,
			);
			path = Providers;
			sourceTree = "<group>";
		};
		BEE38E482450E6060019A138 /* Coordinators */ = {
			isa = PBXGroup;
			children = (
				BE012EC1244B092100F2588B /* PostListCoordinator.swift */,
			);
			path = Coordinators;
			sourceTree = "<group>";
		};
		BEE57A5C2461861E00F89A0E /* Skeleton */ = {
			isa = PBXGroup;
			children = (
				BEE57A5D2461862500F89A0E /* Protocols */,
			);
			path = Skeleton;
			sourceTree = "<group>";
		};
		BEE57A5D2461862500F89A0E /* Protocols */ = {
			isa = PBXGroup;
			children = (
				BEE57A5E2461862D00F89A0E /* SkeletonableView.swift */,
			);
			path = Protocols;
			sourceTree = "<group>";
		};
		BEE57A60246198BF00F89A0E /* Splash */ = {
			isa = PBXGroup;
			children = (
				BEE57A61246198C600F89A0E /* View Controllers */,
				BEE57A65246198FA00F89A0E /* Splash.storyboard */,
			);
			path = Splash;
			sourceTree = "<group>";
		};
		BEE57A61246198C600F89A0E /* View Controllers */ = {
			isa = PBXGroup;
			children = (
				BEE57A62246198D600F89A0E /* SplashViewController.swift */,
			);
			path = "View Controllers";
			sourceTree = "<group>";
		};
		BEF3DF5B243CFCE100CFF00F = {
			isa = PBXGroup;
			children = (
				BEF3DF66243CFCE200CFF00F /* DarkEagleV2 */,
				BEF3DF7D243CFCE300CFF00F /* DarkEagleV2Tests */,
				BEF3DF65243CFCE200CFF00F /* Products */,
				B43A4D3389526D37C9F0D5D7 /* Pods */,
				64C04B4611DB7D00BED8A3C5 /* Frameworks */,
			);
			sourceTree = "<group>";
		};
		BEF3DF65243CFCE200CFF00F /* Products */ = {
			isa = PBXGroup;
			children = (
				BEF3DF64243CFCE200CFF00F /* Grapevine.app */,
				BEF3DF7A243CFCE300CFF00F /* DarkEagleV2Tests.xctest */,
			);
			name = Products;
			sourceTree = "<group>";
		};
		BEF3DF66243CFCE200CFF00F /* DarkEagleV2 */ = {
			isa = PBXGroup;
			children = (
				BEE57A5C2461861E00F89A0E /* Skeleton */,
				BE79ED0A2441FE3A009249FE /* App */,
				BE8DE82E2445EA1F00C3CF39 /* Blocks */,
				BE8DE81B2444DCE800C3CF39 /* Card */,
				BE37329B2454711C008CAB06 /* Login */,
				BE79ED3B2441FF73009249FE /* Post */,
				BEE57A60246198BF00F89A0E /* Splash */,
				BE79ED5C24420D96009249FE /* Resources */,
			);
			path = DarkEagleV2;
			sourceTree = "<group>";
		};
		BEF3DF7D243CFCE300CFF00F /* DarkEagleV2Tests */ = {
			isa = PBXGroup;
			children = (
				BEF3DF7E243CFCE300CFF00F /* DarkEagleV2Tests.swift */,
				BEF3DF80243CFCE300CFF00F /* Info.plist */,
			);
			path = DarkEagleV2Tests;
			sourceTree = "<group>";
		};
/* End PBXGroup section */

/* Begin PBXNativeTarget section */
		BEF3DF63243CFCE200CFF00F /* DarkEagleV2 */ = {
			isa = PBXNativeTarget;
			buildConfigurationList = BEF3DF83243CFCE300CFF00F /* Build configuration list for PBXNativeTarget "DarkEagleV2" */;
			buildPhases = (
				7FFB972D76DFCBB22601A2FE /* [CP] Check Pods Manifest.lock */,
				BEF3DF60243CFCE200CFF00F /* Sources */,
				BEF3DF61243CFCE200CFF00F /* Frameworks */,
				BEF3DF62243CFCE200CFF00F /* Resources */,
				DD09A8A4FD3FA7CDCB01F153 /* [CP] Embed Pods Frameworks */,
			);
			buildRules = (
			);
			dependencies = (
			);
			name = DarkEagleV2;
			productName = DarkEagleV2;
			productReference = BEF3DF64243CFCE200CFF00F /* Grapevine.app */;
			productType = "com.apple.product-type.application";
		};
		BEF3DF79243CFCE300CFF00F /* DarkEagleV2Tests */ = {
			isa = PBXNativeTarget;
			buildConfigurationList = BEF3DF86243CFCE300CFF00F /* Build configuration list for PBXNativeTarget "DarkEagleV2Tests" */;
			buildPhases = (
				159F385492E5C90D58A5EE59 /* [CP] Check Pods Manifest.lock */,
				BEF3DF76243CFCE300CFF00F /* Sources */,
				BEF3DF77243CFCE300CFF00F /* Frameworks */,
				BEF3DF78243CFCE300CFF00F /* Resources */,
			);
			buildRules = (
			);
			dependencies = (
				BEF3DF7C243CFCE300CFF00F /* PBXTargetDependency */,
			);
			name = DarkEagleV2Tests;
			productName = DarkEagleV2Tests;
			productReference = BEF3DF7A243CFCE300CFF00F /* DarkEagleV2Tests.xctest */;
			productType = "com.apple.product-type.bundle.unit-test";
		};
/* End PBXNativeTarget section */

/* Begin PBXProject section */
		BEF3DF5C243CFCE100CFF00F /* Project object */ = {
			isa = PBXProject;
			attributes = {
				LastSwiftUpdateCheck = 1120;
				LastUpgradeCheck = 1120;
				ORGANIZATIONNAME = "Matt Beaney";
				TargetAttributes = {
					BEF3DF63243CFCE200CFF00F = {
						CreatedOnToolsVersion = 11.2;
					};
					BEF3DF79243CFCE300CFF00F = {
						CreatedOnToolsVersion = 11.2;
						TestTargetID = BEF3DF63243CFCE200CFF00F;
					};
				};
			};
			buildConfigurationList = BEF3DF5F243CFCE100CFF00F /* Build configuration list for PBXProject "DarkEagleV2" */;
			compatibilityVersion = "Xcode 9.3";
			developmentRegion = en;
			hasScannedForEncodings = 0;
			knownRegions = (
				en,
				Base,
			);
			mainGroup = BEF3DF5B243CFCE100CFF00F;
			productRefGroup = BEF3DF65243CFCE200CFF00F /* Products */;
			projectDirPath = "";
			projectRoot = "";
			targets = (
				BEF3DF63243CFCE200CFF00F /* DarkEagleV2 */,
				BEF3DF79243CFCE300CFF00F /* DarkEagleV2Tests */,
			);
		};
/* End PBXProject section */

/* Begin PBXResourcesBuildPhase section */
		BEF3DF62243CFCE200CFF00F /* Resources */ = {
			isa = PBXResourcesBuildPhase;
			buildActionMask = 2147483647;
			files = (
				BEF3DF71243CFCE300CFF00F /* Assets.xcassets in Resources */,
				BEF3DF92243D14C800CFF00F /* TextBlockCell.xib in Resources */,
				BE15E198245D90A90095FFEF /* seasonal-dog-ban.json in Resources */,
				BE012EB7244AF83300F2588B /* list-tablet.json in Resources */,
				BE8DE83D2445FFC900C3CF39 /* RowCardBlockCell.xib in Resources */,
				BE79ED6124420DC0009249FE /* posts.json in Resources */,
				BE15E18E245D875D0095FFEF /* ramsgate-fire.json in Resources */,
				BE8DE83B2445FF9B00C3CF39 /* LargeCardBlockCell.xib in Resources */,
				BEE38E44244CC2850019A138 /* list-phone.json in Resources */,
				BE79ED7024430C2D009249FE /* ImageBlockCell.xib in Resources */,
				BE15E194245D8CA00095FFEF /* immunisation-concerns.json in Resources */,
				BEB503932458BCCC001CE5BB /* TitleBlockCell.xib in Resources */,
				BEE57A59246179FD00F89A0E /* PostSkeletonView.xib in Resources */,
				BE15E190245D89650095FFEF /* home.json in Resources */,
				BE15E196245D8EC30095FFEF /* greggs-to-reopen.json in Resources */,
				BE8DE81E2444DE6400C3CF39 /* Block.storyboard in Resources */,
				BE15E192245D8A9A0095FFEF /* folkestone-hythe-vandalism.json in Resources */,
				BE3732A3245485A7008CAB06 /* LoadingView.xib in Resources */,
				BE8DE81A2443B63300C3CF39 /* insta-post.json in Resources */,
				BE37329D24547127008CAB06 /* Login.storyboard in Resources */,
				BEE57A66246198FA00F89A0E /* Splash.storyboard in Resources */,
			);
			runOnlyForDeploymentPostprocessing = 0;
		};
		BEF3DF78243CFCE300CFF00F /* Resources */ = {
			isa = PBXResourcesBuildPhase;
			buildActionMask = 2147483647;
			files = (
			);
			runOnlyForDeploymentPostprocessing = 0;
		};
/* End PBXResourcesBuildPhase section */

/* Begin PBXShellScriptBuildPhase section */
		159F385492E5C90D58A5EE59 /* [CP] Check Pods Manifest.lock */ = {
			isa = PBXShellScriptBuildPhase;
			buildActionMask = 2147483647;
			files = (
			);
			inputFileListPaths = (
			);
			inputPaths = (
				"${PODS_PODFILE_DIR_PATH}/Podfile.lock",
				"${PODS_ROOT}/Manifest.lock",
			);
			name = "[CP] Check Pods Manifest.lock";
			outputFileListPaths = (
			);
			outputPaths = (
				"$(DERIVED_FILE_DIR)/Pods-DarkEagleV2Tests-checkManifestLockResult.txt",
			);
			runOnlyForDeploymentPostprocessing = 0;
			shellPath = /bin/sh;
			shellScript = "diff \"${PODS_PODFILE_DIR_PATH}/Podfile.lock\" \"${PODS_ROOT}/Manifest.lock\" > /dev/null\nif [ $? != 0 ] ; then\n    # print error to STDERR\n    echo \"error: The sandbox is not in sync with the Podfile.lock. Run 'pod install' or update your CocoaPods installation.\" >&2\n    exit 1\nfi\n# This output is used by Xcode 'outputs' to avoid re-running this script phase.\necho \"SUCCESS\" > \"${SCRIPT_OUTPUT_FILE_0}\"\n";
			showEnvVarsInLog = 0;
		};
		7FFB972D76DFCBB22601A2FE /* [CP] Check Pods Manifest.lock */ = {
			isa = PBXShellScriptBuildPhase;
			buildActionMask = 2147483647;
			files = (
			);
			inputFileListPaths = (
			);
			inputPaths = (
				"${PODS_PODFILE_DIR_PATH}/Podfile.lock",
				"${PODS_ROOT}/Manifest.lock",
			);
			name = "[CP] Check Pods Manifest.lock";
			outputFileListPaths = (
			);
			outputPaths = (
				"$(DERIVED_FILE_DIR)/Pods-DarkEagleV2-checkManifestLockResult.txt",
			);
			runOnlyForDeploymentPostprocessing = 0;
			shellPath = /bin/sh;
			shellScript = "diff \"${PODS_PODFILE_DIR_PATH}/Podfile.lock\" \"${PODS_ROOT}/Manifest.lock\" > /dev/null\nif [ $? != 0 ] ; then\n    # print error to STDERR\n    echo \"error: The sandbox is not in sync with the Podfile.lock. Run 'pod install' or update your CocoaPods installation.\" >&2\n    exit 1\nfi\n# This output is used by Xcode 'outputs' to avoid re-running this script phase.\necho \"SUCCESS\" > \"${SCRIPT_OUTPUT_FILE_0}\"\n";
			showEnvVarsInLog = 0;
		};
		DD09A8A4FD3FA7CDCB01F153 /* [CP] Embed Pods Frameworks */ = {
			isa = PBXShellScriptBuildPhase;
			buildActionMask = 2147483647;
			files = (
			);
			inputFileListPaths = (
				"${PODS_ROOT}/Target Support Files/Pods-DarkEagleV2/Pods-DarkEagleV2-frameworks-${CONFIGURATION}-input-files.xcfilelist",
			);
			name = "[CP] Embed Pods Frameworks";
			outputFileListPaths = (
				"${PODS_ROOT}/Target Support Files/Pods-DarkEagleV2/Pods-DarkEagleV2-frameworks-${CONFIGURATION}-output-files.xcfilelist",
			);
			runOnlyForDeploymentPostprocessing = 0;
			shellPath = /bin/sh;
			shellScript = "\"${PODS_ROOT}/Target Support Files/Pods-DarkEagleV2/Pods-DarkEagleV2-frameworks.sh\"\n";
			showEnvVarsInLog = 0;
		};
/* End PBXShellScriptBuildPhase section */

/* Begin PBXSourcesBuildPhase section */
		BEF3DF60243CFCE200CFF00F /* Sources */ = {
			isa = PBXSourcesBuildPhase;
			buildActionMask = 2147483647;
			files = (
				BEF3DF91243D14C800CFF00F /* TextBlockCell.swift in Sources */,
				BE79ED78244329B6009249FE /* Action.swift in Sources */,
				BE8DE81024437D0200C3CF39 /* UIColor+Hex.swift in Sources */,
				BEE57A63246198D600F89A0E /* SplashViewController.swift in Sources */,
				BE79ED5924420D3B009249FE /* BlockType.swift in Sources */,
				BE012EC5244B094100F2588B /* Weak.swift in Sources */,
				BE8DE8332445F0B300C3CF39 /* BlockListViewModel.swift in Sources */,
				BEE38E4A2450E61C0019A138 /* AppCoordinator.swift in Sources */,
				BE8DE8142443906D00C3CF39 /* UITextInputTokenizer+TappedRanges.swift in Sources */,
				BEB503952458BD31001CE5BB /* TitleBlock.swift in Sources */,
				BE012EC2244B092100F2588B /* PostListCoordinator.swift in Sources */,
				BE79ED762443215B009249FE /* NSMutableAttributedString+WithStyles.swift in Sources */,
				BE79ED432442003B009249FE /* DynamicCellSizeProvider.swift in Sources */,
				BE79ED5624420D28009249FE /* Block.swift in Sources */,
				BEE57A5B24617A0600F89A0E /* PostSkeletonView.swift in Sources */,
				BE8DE81224437D2300C3CF39 /* UIView+AutoLayoutHelpers.swift in Sources */,
				BE79ED5B24420D57009249FE /* TextStyle.swift in Sources */,
				BE3732A5245486FA008CAB06 /* LoadingView.swift in Sources */,
				BE8DE8432446054100C3CF39 /* UICollectionView+DequeueGenericCell.swift in Sources */,
				BE79ED4824420080009249FE /* NibLoadable.swift in Sources */,
				BE8DE8362445F90400C3CF39 /* CardBlock.swift in Sources */,
				BE79ED4B24420432009249FE /* Array+FirstOfType.swift in Sources */,
				BE79ED4F2442055E009249FE /* AnyBlock.swift in Sources */,
				BE79ED7324430C67009249FE /* BlockListCellProvider.swift in Sources */,
				BEE57A5224607C4800F89A0E /* SkeletonBlock.swift in Sources */,
				BE012EBB244AF90B00F2588B /* List.swift in Sources */,
				BEE57A5F2461862D00F89A0E /* SkeletonableView.swift in Sources */,
				BE8DE8462446457E00C3CF39 /* CardNibNameProvider.swift in Sources */,
				BE8DE8182443ADA200C3CF39 /* SelectionOptionsView.swift in Sources */,
				BE37329A24545FF8008CAB06 /* ViewCoordinator.swift in Sources */,
				BEE57A5724608B0200F89A0E /* Sizeable.swift in Sources */,
				BE8DE84C24464FB500C3CF39 /* FontStyle.swift in Sources */,
				BE79ED6F24430C2D009249FE /* ImageBlockCell.swift in Sources */,
				BE3732A02454727A008CAB06 /* LoginViewController.swift in Sources */,
				BE79ED5324420D0D009249FE /* ImageBlock.swift in Sources */,
				BE8DE84A24464F7E00C3CF39 /* FontWrapper.swift in Sources */,
				BE69D0812455DFE80027836B /* LoginCoordinator.swift in Sources */,
				BE8DE8392445FF7900C3CF39 /* CardBlockCell.swift in Sources */,
				BE8DE82D2445E4BF00C3CF39 /* BlockSection.swift in Sources */,
				BE79ED662442288B009249FE /* PostDownloader.swift in Sources */,
				BE8C327B244B7D430003CC01 /* Size.swift in Sources */,
				BE79ED5124420CFC009249FE /* TextBlock.swift in Sources */,
				BE8DE8232444DF1800C3CF39 /* StoryboardCreatable.swift in Sources */,
				BE012EBD244AF94200F2588B /* ListViewModel.swift in Sources */,
				BEB503922458BCCC001CE5BB /* TitleBlockCell.swift in Sources */,
				BE79ED6924423266009249FE /* NativePostViewModel.swift in Sources */,
				BE79ED4D244204C5009249FE /* DynamicConfigureActionProvider.swift in Sources */,
				BE79ED6324420DD4009249FE /* Post.swift in Sources */,
				BE8DE8402446014700C3CF39 /* ImageDownloader.swift in Sources */,
				BE8DE84824464F6F00C3CF39 /* ColourWrapper.swift in Sources */,
				BEF3DF6C243CFCE200CFF00F /* BlockListViewController.swift in Sources */,
				BE79ED402441FFA6009249FE /* DETextView.swift in Sources */,
				BEF3DF68243CFCE200CFF00F /* AppDelegate.swift in Sources */,
				BE79ED0C2441FF19009249FE /* SceneDelegate.swift in Sources */,
			);
			runOnlyForDeploymentPostprocessing = 0;
		};
		BEF3DF76243CFCE300CFF00F /* Sources */ = {
			isa = PBXSourcesBuildPhase;
			buildActionMask = 2147483647;
			files = (
				BEF3DF7F243CFCE300CFF00F /* DarkEagleV2Tests.swift in Sources */,
			);
			runOnlyForDeploymentPostprocessing = 0;
		};
/* End PBXSourcesBuildPhase section */

/* Begin PBXTargetDependency section */
		BEF3DF7C243CFCE300CFF00F /* PBXTargetDependency */ = {
			isa = PBXTargetDependency;
			target = BEF3DF63243CFCE200CFF00F /* DarkEagleV2 */;
			targetProxy = BEF3DF7B243CFCE300CFF00F /* PBXContainerItemProxy */;
		};
/* End PBXTargetDependency section */

/* Begin XCBuildConfiguration section */
		BEF3DF81243CFCE300CFF00F /* Debug */ = {
			isa = XCBuildConfiguration;
			buildSettings = {
				ALWAYS_SEARCH_USER_PATHS = NO;
				CLANG_ANALYZER_NONNULL = YES;
				CLANG_ANALYZER_NUMBER_OBJECT_CONVERSION = YES_AGGRESSIVE;
				CLANG_CXX_LANGUAGE_STANDARD = "gnu++14";
				CLANG_CXX_LIBRARY = "libc++";
				CLANG_ENABLE_MODULES = YES;
				CLANG_ENABLE_OBJC_ARC = YES;
				CLANG_ENABLE_OBJC_WEAK = YES;
				CLANG_WARN_BLOCK_CAPTURE_AUTORELEASING = YES;
				CLANG_WARN_BOOL_CONVERSION = YES;
				CLANG_WARN_COMMA = YES;
				CLANG_WARN_CONSTANT_CONVERSION = YES;
				CLANG_WARN_DEPRECATED_OBJC_IMPLEMENTATIONS = YES;
				CLANG_WARN_DIRECT_OBJC_ISA_USAGE = YES_ERROR;
				CLANG_WARN_DOCUMENTATION_COMMENTS = YES;
				CLANG_WARN_EMPTY_BODY = YES;
				CLANG_WARN_ENUM_CONVERSION = YES;
				CLANG_WARN_INFINITE_RECURSION = YES;
				CLANG_WARN_INT_CONVERSION = YES;
				CLANG_WARN_NON_LITERAL_NULL_CONVERSION = YES;
				CLANG_WARN_OBJC_IMPLICIT_RETAIN_SELF = YES;
				CLANG_WARN_OBJC_LITERAL_CONVERSION = YES;
				CLANG_WARN_OBJC_ROOT_CLASS = YES_ERROR;
				CLANG_WARN_RANGE_LOOP_ANALYSIS = YES;
				CLANG_WARN_STRICT_PROTOTYPES = YES;
				CLANG_WARN_SUSPICIOUS_MOVE = YES;
				CLANG_WARN_UNGUARDED_AVAILABILITY = YES_AGGRESSIVE;
				CLANG_WARN_UNREACHABLE_CODE = YES;
				CLANG_WARN__DUPLICATE_METHOD_MATCH = YES;
				COPY_PHASE_STRIP = NO;
				DEBUG_INFORMATION_FORMAT = dwarf;
				ENABLE_STRICT_OBJC_MSGSEND = YES;
				ENABLE_TESTABILITY = YES;
				GCC_C_LANGUAGE_STANDARD = gnu11;
				GCC_DYNAMIC_NO_PIC = NO;
				GCC_NO_COMMON_BLOCKS = YES;
				GCC_OPTIMIZATION_LEVEL = 0;
				GCC_PREPROCESSOR_DEFINITIONS = (
					"DEBUG=1",
					"$(inherited)",
				);
				GCC_WARN_64_TO_32_BIT_CONVERSION = YES;
				GCC_WARN_ABOUT_RETURN_TYPE = YES_ERROR;
				GCC_WARN_UNDECLARED_SELECTOR = YES;
				GCC_WARN_UNINITIALIZED_AUTOS = YES_AGGRESSIVE;
				GCC_WARN_UNUSED_FUNCTION = YES;
				GCC_WARN_UNUSED_VARIABLE = YES;
				IPHONEOS_DEPLOYMENT_TARGET = 13.2;
				MTL_ENABLE_DEBUG_INFO = INCLUDE_SOURCE;
				MTL_FAST_MATH = YES;
				ONLY_ACTIVE_ARCH = YES;
				SDKROOT = iphoneos;
				SWIFT_ACTIVE_COMPILATION_CONDITIONS = DEBUG;
				SWIFT_OPTIMIZATION_LEVEL = "-Onone";
			};
			name = Debug;
		};
		BEF3DF82243CFCE300CFF00F /* Release */ = {
			isa = XCBuildConfiguration;
			buildSettings = {
				ALWAYS_SEARCH_USER_PATHS = NO;
				CLANG_ANALYZER_NONNULL = YES;
				CLANG_ANALYZER_NUMBER_OBJECT_CONVERSION = YES_AGGRESSIVE;
				CLANG_CXX_LANGUAGE_STANDARD = "gnu++14";
				CLANG_CXX_LIBRARY = "libc++";
				CLANG_ENABLE_MODULES = YES;
				CLANG_ENABLE_OBJC_ARC = YES;
				CLANG_ENABLE_OBJC_WEAK = YES;
				CLANG_WARN_BLOCK_CAPTURE_AUTORELEASING = YES;
				CLANG_WARN_BOOL_CONVERSION = YES;
				CLANG_WARN_COMMA = YES;
				CLANG_WARN_CONSTANT_CONVERSION = YES;
				CLANG_WARN_DEPRECATED_OBJC_IMPLEMENTATIONS = YES;
				CLANG_WARN_DIRECT_OBJC_ISA_USAGE = YES_ERROR;
				CLANG_WARN_DOCUMENTATION_COMMENTS = YES;
				CLANG_WARN_EMPTY_BODY = YES;
				CLANG_WARN_ENUM_CONVERSION = YES;
				CLANG_WARN_INFINITE_RECURSION = YES;
				CLANG_WARN_INT_CONVERSION = YES;
				CLANG_WARN_NON_LITERAL_NULL_CONVERSION = YES;
				CLANG_WARN_OBJC_IMPLICIT_RETAIN_SELF = YES;
				CLANG_WARN_OBJC_LITERAL_CONVERSION = YES;
				CLANG_WARN_OBJC_ROOT_CLASS = YES_ERROR;
				CLANG_WARN_RANGE_LOOP_ANALYSIS = YES;
				CLANG_WARN_STRICT_PROTOTYPES = YES;
				CLANG_WARN_SUSPICIOUS_MOVE = YES;
				CLANG_WARN_UNGUARDED_AVAILABILITY = YES_AGGRESSIVE;
				CLANG_WARN_UNREACHABLE_CODE = YES;
				CLANG_WARN__DUPLICATE_METHOD_MATCH = YES;
				COPY_PHASE_STRIP = NO;
				DEBUG_INFORMATION_FORMAT = "dwarf-with-dsym";
				ENABLE_NS_ASSERTIONS = NO;
				ENABLE_STRICT_OBJC_MSGSEND = YES;
				GCC_C_LANGUAGE_STANDARD = gnu11;
				GCC_NO_COMMON_BLOCKS = YES;
				GCC_WARN_64_TO_32_BIT_CONVERSION = YES;
				GCC_WARN_ABOUT_RETURN_TYPE = YES_ERROR;
				GCC_WARN_UNDECLARED_SELECTOR = YES;
				GCC_WARN_UNINITIALIZED_AUTOS = YES_AGGRESSIVE;
				GCC_WARN_UNUSED_FUNCTION = YES;
				GCC_WARN_UNUSED_VARIABLE = YES;
				IPHONEOS_DEPLOYMENT_TARGET = 13.2;
				MTL_ENABLE_DEBUG_INFO = NO;
				MTL_FAST_MATH = YES;
				SDKROOT = iphoneos;
				SWIFT_COMPILATION_MODE = wholemodule;
				SWIFT_OPTIMIZATION_LEVEL = "-O";
				VALIDATE_PRODUCT = YES;
			};
			name = Release;
		};
		BEF3DF84243CFCE300CFF00F /* Debug */ = {
			isa = XCBuildConfiguration;
			baseConfigurationReference = D6DB017694CC0BD81FFBDA29 /* Pods-DarkEagleV2.debug.xcconfig */;
			buildSettings = {
				ASSETCATALOG_COMPILER_APPICON_NAME = AppIcon;
				CODE_SIGN_STYLE = Automatic;
				DEVELOPMENT_TEAM = 5P5MB2LN99;
				INFOPLIST_FILE = DarkEagleV2/Resources/Plists/Info.plist;
				LD_RUNPATH_SEARCH_PATHS = (
					"$(inherited)",
					"@executable_path/Frameworks",
				);
				MARKETING_VERSION = 0.1;
				PRODUCT_BUNDLE_IDENTIFIER = com.darkeagle.grapevine;
				PRODUCT_NAME = Grapevine;
				SWIFT_VERSION = 5.0;
				TARGETED_DEVICE_FAMILY = 1;
			};
			name = Debug;
		};
		BEF3DF85243CFCE300CFF00F /* Release */ = {
			isa = XCBuildConfiguration;
			baseConfigurationReference = A2DD71B8B790932A9BC752A6 /* Pods-DarkEagleV2.release.xcconfig */;
			buildSettings = {
				ASSETCATALOG_COMPILER_APPICON_NAME = AppIcon;
				CODE_SIGN_STYLE = Automatic;
				DEVELOPMENT_TEAM = 5P5MB2LN99;
				INFOPLIST_FILE = DarkEagleV2/Resources/Plists/Info.plist;
				LD_RUNPATH_SEARCH_PATHS = (
					"$(inherited)",
					"@executable_path/Frameworks",
				);
				MARKETING_VERSION = 0.1;
				PRODUCT_BUNDLE_IDENTIFIER = com.darkeagle.grapevine;
				PRODUCT_NAME = Grapevine;
				SWIFT_VERSION = 5.0;
				TARGETED_DEVICE_FAMILY = 1;
			};
			name = Release;
		};
		BEF3DF87243CFCE300CFF00F /* Debug */ = {
			isa = XCBuildConfiguration;
			baseConfigurationReference = 4279B5FB5145F47A0E88953D /* Pods-DarkEagleV2Tests.debug.xcconfig */;
			buildSettings = {
				ALWAYS_EMBED_SWIFT_STANDARD_LIBRARIES = YES;
				BUNDLE_LOADER = "$(TEST_HOST)";
				CODE_SIGN_STYLE = Automatic;
				INFOPLIST_FILE = DarkEagleV2Tests/Info.plist;
				IPHONEOS_DEPLOYMENT_TARGET = 13.2;
				LD_RUNPATH_SEARCH_PATHS = (
					"$(inherited)",
					"@executable_path/Frameworks",
					"@loader_path/Frameworks",
				);
				PRODUCT_BUNDLE_IDENTIFIER = com.mattbeaney.DarkEagleV2Tests;
				PRODUCT_NAME = "$(TARGET_NAME)";
				SWIFT_VERSION = 5.0;
				TARGETED_DEVICE_FAMILY = "1,2";
				TEST_HOST = "$(BUILT_PRODUCTS_DIR)/DarkEagleV2.app/DarkEagleV2";
			};
			name = Debug;
		};
		BEF3DF88243CFCE300CFF00F /* Release */ = {
			isa = XCBuildConfiguration;
			baseConfigurationReference = 208BF38614A4200C98D87782 /* Pods-DarkEagleV2Tests.release.xcconfig */;
			buildSettings = {
				ALWAYS_EMBED_SWIFT_STANDARD_LIBRARIES = YES;
				BUNDLE_LOADER = "$(TEST_HOST)";
				CODE_SIGN_STYLE = Automatic;
				INFOPLIST_FILE = DarkEagleV2Tests/Info.plist;
				IPHONEOS_DEPLOYMENT_TARGET = 13.2;
				LD_RUNPATH_SEARCH_PATHS = (
					"$(inherited)",
					"@executable_path/Frameworks",
					"@loader_path/Frameworks",
				);
				PRODUCT_BUNDLE_IDENTIFIER = com.mattbeaney.DarkEagleV2Tests;
				PRODUCT_NAME = "$(TARGET_NAME)";
				SWIFT_VERSION = 5.0;
				TARGETED_DEVICE_FAMILY = "1,2";
				TEST_HOST = "$(BUILT_PRODUCTS_DIR)/DarkEagleV2.app/DarkEagleV2";
			};
			name = Release;
		};
/* End XCBuildConfiguration section */

/* Begin XCConfigurationList section */
		BEF3DF5F243CFCE100CFF00F /* Build configuration list for PBXProject "DarkEagleV2" */ = {
			isa = XCConfigurationList;
			buildConfigurations = (
				BEF3DF81243CFCE300CFF00F /* Debug */,
				BEF3DF82243CFCE300CFF00F /* Release */,
			);
			defaultConfigurationIsVisible = 0;
			defaultConfigurationName = Release;
		};
		BEF3DF83243CFCE300CFF00F /* Build configuration list for PBXNativeTarget "DarkEagleV2" */ = {
			isa = XCConfigurationList;
			buildConfigurations = (
				BEF3DF84243CFCE300CFF00F /* Debug */,
				BEF3DF85243CFCE300CFF00F /* Release */,
			);
			defaultConfigurationIsVisible = 0;
			defaultConfigurationName = Release;
		};
		BEF3DF86243CFCE300CFF00F /* Build configuration list for PBXNativeTarget "DarkEagleV2Tests" */ = {
			isa = XCConfigurationList;
			buildConfigurations = (
				BEF3DF87243CFCE300CFF00F /* Debug */,
				BEF3DF88243CFCE300CFF00F /* Release */,
			);
			defaultConfigurationIsVisible = 0;
			defaultConfigurationName = Release;
		};
/* End XCConfigurationList section */
	};
	rootObject = BEF3DF5C243CFCE100CFF00F /* Project object */;
}
